// !$*UTF8*$!
{
	archiveVersion = 1;
	classes = {
	};
	objectVersion = 46;
	objects = {

/* Begin PBXBuildFile section */
		450E82961AF9691900156010 /* main.m in Sources */ = {isa = PBXBuildFile; fileRef = 450E82951AF9691900156010 /* main.m */; };
		450E82991AF9691900156010 /* AppDelegate.m in Sources */ = {isa = PBXBuildFile; fileRef = 450E82981AF9691900156010 /* AppDelegate.m */; };
		450E82A11AF9691900156010 /* Images.xcassets in Resources */ = {isa = PBXBuildFile; fileRef = 450E82A01AF9691900156010 /* Images.xcassets */; };
		450E82A41AF9691900156010 /* LaunchScreen.xib in Resources */ = {isa = PBXBuildFile; fileRef = 450E82A21AF9691900156010 /* LaunchScreen.xib */; };
		450E82B01AF9691900156010 /* sample_calendarTests.m in Sources */ = {isa = PBXBuildFile; fileRef = 450E82AF1AF9691900156010 /* sample_calendarTests.m */; };
		450E82C61AF9966B00156010 /* CalendarController.m in Sources */ = {isa = PBXBuildFile; fileRef = 450E82C51AF9966B00156010 /* CalendarController.m */; };
		450E82C91AF996DD00156010 /* Event.m in Sources */ = {isa = PBXBuildFile; fileRef = 450E82C81AF996DD00156010 /* Event.m */; };
		450E82D51AF9AF0300156010 /* CalendarViewController.m in Sources */ = {isa = PBXBuildFile; fileRef = 450E82CE1AF9AF0300156010 /* CalendarViewController.m */; };
		450E82D61AF9AF0300156010 /* CalendarViewLayout.m in Sources */ = {isa = PBXBuildFile; fileRef = 450E82D01AF9AF0300156010 /* CalendarViewLayout.m */; };
		450E82D71AF9AF0300156010 /* EventViewCell.m in Sources */ = {isa = PBXBuildFile; fileRef = 450E82D21AF9AF0300156010 /* EventViewCell.m */; };
		450E82D81AF9AF0300156010 /* HourReusableView.m in Sources */ = {isa = PBXBuildFile; fileRef = 450E82D41AF9AF0300156010 /* HourReusableView.m */; };
/* End PBXBuildFile section */

/* Begin PBXContainerItemProxy section */
		450E82AA1AF9691900156010 /* PBXContainerItemProxy */ = {
			isa = PBXContainerItemProxy;
			containerPortal = 450E82881AF9691900156010 /* Project object */;
			proxyType = 1;
			remoteGlobalIDString = 450E828F1AF9691900156010;
			remoteInfo = "sample-calendar";
		};
/* End PBXContainerItemProxy section */

/* Begin PBXFileReference section */
		450E82901AF9691900156010 /* sample-calendar.app */ = {isa = PBXFileReference; explicitFileType = wrapper.application; includeInIndex = 0; path = "sample-calendar.app"; sourceTree = BUILT_PRODUCTS_DIR; };
		450E82941AF9691900156010 /* Info.plist */ = {isa = PBXFileReference; lastKnownFileType = text.plist.xml; path = Info.plist; sourceTree = "<group>"; };
		450E82951AF9691900156010 /* main.m */ = {isa = PBXFileReference; lastKnownFileType = sourcecode.c.objc; path = main.m; sourceTree = "<group>"; };
		450E82971AF9691900156010 /* AppDelegate.h */ = {isa = PBXFileReference; lastKnownFileType = sourcecode.c.h; path = AppDelegate.h; sourceTree = "<group>"; };
		450E82981AF9691900156010 /* AppDelegate.m */ = {isa = PBXFileReference; lastKnownFileType = sourcecode.c.objc; path = AppDelegate.m; sourceTree = "<group>"; };
		450E82A01AF9691900156010 /* Images.xcassets */ = {isa = PBXFileReference; lastKnownFileType = folder.assetcatalog; path = Images.xcassets; sourceTree = "<group>"; };
		450E82A31AF9691900156010 /* Base */ = {isa = PBXFileReference; lastKnownFileType = file.xib; name = Base; path = Base.lproj/LaunchScreen.xib; sourceTree = "<group>"; };
		450E82A91AF9691900156010 /* sample-calendarTests.xctest */ = {isa = PBXFileReference; explicitFileType = wrapper.cfbundle; includeInIndex = 0; path = "sample-calendarTests.xctest"; sourceTree = BUILT_PRODUCTS_DIR; };
		450E82AE1AF9691900156010 /* Info.plist */ = {isa = PBXFileReference; lastKnownFileType = text.plist.xml; path = Info.plist; sourceTree = "<group>"; };
		450E82AF1AF9691900156010 /* sample_calendarTests.m */ = {isa = PBXFileReference; lastKnownFileType = sourcecode.c.objc; path = sample_calendarTests.m; sourceTree = "<group>"; };
		450E82C41AF9966B00156010 /* CalendarController.h */ = {isa = PBXFileReference; fileEncoding = 4; lastKnownFileType = sourcecode.c.h; path = CalendarController.h; sourceTree = "<group>"; };
		450E82C51AF9966B00156010 /* CalendarController.m */ = {isa = PBXFileReference; fileEncoding = 4; lastKnownFileType = sourcecode.c.objc; path = CalendarController.m; sourceTree = "<group>"; };
		450E82C71AF996DD00156010 /* Event.h */ = {isa = PBXFileReference; fileEncoding = 4; lastKnownFileType = sourcecode.c.h; path = Event.h; sourceTree = "<group>"; };
		450E82C81AF996DD00156010 /* Event.m */ = {isa = PBXFileReference; fileEncoding = 4; lastKnownFileType = sourcecode.c.objc; path = Event.m; sourceTree = "<group>"; };
		450E82CD1AF9AF0300156010 /* CalendarViewController.h */ = {isa = PBXFileReference; fileEncoding = 4; lastKnownFileType = sourcecode.c.h; path = CalendarViewController.h; sourceTree = "<group>"; };
		450E82CE1AF9AF0300156010 /* CalendarViewController.m */ = {isa = PBXFileReference; fileEncoding = 4; lastKnownFileType = sourcecode.c.objc; path = CalendarViewController.m; sourceTree = "<group>"; };
		450E82CF1AF9AF0300156010 /* CalendarViewLayout.h */ = {isa = PBXFileReference; fileEncoding = 4; lastKnownFileType = sourcecode.c.h; path = CalendarViewLayout.h; sourceTree = "<group>"; };
		450E82D01AF9AF0300156010 /* CalendarViewLayout.m */ = {isa = PBXFileReference; fileEncoding = 4; lastKnownFileType = sourcecode.c.objc; path = CalendarViewLayout.m; sourceTree = "<group>"; };
		450E82D11AF9AF0300156010 /* EventViewCell.h */ = {isa = PBXFileReference; fileEncoding = 4; lastKnownFileType = sourcecode.c.h; path = EventViewCell.h; sourceTree = "<group>"; };
		450E82D21AF9AF0300156010 /* EventViewCell.m */ = {isa = PBXFileReference; fileEncoding = 4; lastKnownFileType = sourcecode.c.objc; path = EventViewCell.m; sourceTree = "<group>"; };
		450E82D31AF9AF0300156010 /* HourReusableView.h */ = {isa = PBXFileReference; fileEncoding = 4; lastKnownFileType = sourcecode.c.h; path = HourReusableView.h; sourceTree = "<group>"; };
		450E82D41AF9AF0300156010 /* HourReusableView.m */ = {isa = PBXFileReference; fileEncoding = 4; lastKnownFileType = sourcecode.c.objc; path = HourReusableView.m; sourceTree = "<group>"; };
/* End PBXFileReference section */

/* Begin PBXFrameworksBuildPhase section */
		450E828D1AF9691900156010 /* Frameworks */ = {
			isa = PBXFrameworksBuildPhase;
			buildActionMask = 2147483647;
			files = (
			);
			runOnlyForDeploymentPostprocessing = 0;
		};
		450E82A61AF9691900156010 /* Frameworks */ = {
			isa = PBXFrameworksBuildPhase;
			buildActionMask = 2147483647;
			files = (
			);
			runOnlyForDeploymentPostprocessing = 0;
		};
/* End PBXFrameworksBuildPhase section */

/* Begin PBXGroup section */
		450E82871AF9691900156010 = {
			isa = PBXGroup;
			children = (
				450E82921AF9691900156010 /* sample-calendar */,
				450E82AC1AF9691900156010 /* sample-calendarTests */,
				450E82911AF9691900156010 /* Products */,
			);
			sourceTree = "<group>";
		};
		450E82911AF9691900156010 /* Products */ = {
			isa = PBXGroup;
			children = (
				450E82901AF9691900156010 /* sample-calendar.app */,
				450E82A91AF9691900156010 /* sample-calendarTests.xctest */,
			);
			name = Products;
			sourceTree = "<group>";
		};
		450E82921AF9691900156010 /* sample-calendar */ = {
			isa = PBXGroup;
			children = (
				450E82C31AF977C500156010 /* Domain */,
				450E82C21AF977BB00156010 /* UI */,
				450E82971AF9691900156010 /* AppDelegate.h */,
				450E82981AF9691900156010 /* AppDelegate.m */,
				450E82A01AF9691900156010 /* Images.xcassets */,
				450E82A21AF9691900156010 /* LaunchScreen.xib */,
				450E82931AF9691900156010 /* Supporting Files */,
			);
			path = "sample-calendar";
			sourceTree = "<group>";
		};
		450E82931AF9691900156010 /* Supporting Files */ = {
			isa = PBXGroup;
			children = (
				450E82941AF9691900156010 /* Info.plist */,
				450E82951AF9691900156010 /* main.m */,
			);
			name = "Supporting Files";
			sourceTree = "<group>";
		};
		450E82AC1AF9691900156010 /* sample-calendarTests */ = {
			isa = PBXGroup;
			children = (
				450E82AF1AF9691900156010 /* sample_calendarTests.m */,
				450E82AD1AF9691900156010 /* Supporting Files */,
			);
			path = "sample-calendarTests";
			sourceTree = "<group>";
		};
		450E82AD1AF9691900156010 /* Supporting Files */ = {
			isa = PBXGroup;
			children = (
				450E82AE1AF9691900156010 /* Info.plist */,
			);
			name = "Supporting Files";
			sourceTree = "<group>";
		};
		450E82C21AF977BB00156010 /* UI */ = {
			isa = PBXGroup;
			children = (
				450E82CD1AF9AF0300156010 /* CalendarViewController.h */,
				450E82CE1AF9AF0300156010 /* CalendarViewController.m */,
				450E82CF1AF9AF0300156010 /* CalendarViewLayout.h */,
				450E82D01AF9AF0300156010 /* CalendarViewLayout.m */,
				450E82D11AF9AF0300156010 /* EventViewCell.h */,
				450E82D21AF9AF0300156010 /* EventViewCell.m */,
				450E82D31AF9AF0300156010 /* HourReusableView.h */,
				450E82D41AF9AF0300156010 /* HourReusableView.m */,
			);
			path = UI;
			sourceTree = "<group>";
		};
		450E82C31AF977C500156010 /* Domain */ = {
			isa = PBXGroup;
			children = (
				450E82C41AF9966B00156010 /* CalendarController.h */,
				450E82C51AF9966B00156010 /* CalendarController.m */,
				450E82C71AF996DD00156010 /* Event.h */,
				450E82C81AF996DD00156010 /* Event.m */,
			);
			path = Domain;
			sourceTree = "<group>";
		};
/* End PBXGroup section */

/* Begin PBXNativeTarget section */
		450E828F1AF9691900156010 /* sample-calendar */ = {
			isa = PBXNativeTarget;
			buildConfigurationList = 450E82B31AF9691900156010 /* Build configuration list for PBXNativeTarget "sample-calendar" */;
			buildPhases = (
				450E828C1AF9691900156010 /* Sources */,
				450E828D1AF9691900156010 /* Frameworks */,
				450E828E1AF9691900156010 /* Resources */,
			);
			buildRules = (
			);
			dependencies = (
			);
			name = "sample-calendar";
			productName = "sample-calendar";
			productReference = 450E82901AF9691900156010 /* sample-calendar.app */;
			productType = "com.apple.product-type.application";
		};
		450E82A81AF9691900156010 /* sample-calendarTests */ = {
			isa = PBXNativeTarget;
			buildConfigurationList = 450E82B61AF9691900156010 /* Build configuration list for PBXNativeTarget "sample-calendarTests" */;
			buildPhases = (
				450E82A51AF9691900156010 /* Sources */,
				450E82A61AF9691900156010 /* Frameworks */,
				450E82A71AF9691900156010 /* Resources */,
			);
			buildRules = (
			);
			dependencies = (
				450E82AB1AF9691900156010 /* PBXTargetDependency */,
			);
			name = "sample-calendarTests";
			productName = "sample-calendarTests";
			productReference = 450E82A91AF9691900156010 /* sample-calendarTests.xctest */;
			productType = "com.apple.product-type.bundle.unit-test";
		};
/* End PBXNativeTarget section */

/* Begin PBXProject section */
		450E82881AF9691900156010 /* Project object */ = {
			isa = PBXProject;
			attributes = {
				LastUpgradeCheck = 0630;
				ORGANIZATIONNAME = "Simon de Carufel";
				TargetAttributes = {
					450E828F1AF9691900156010 = {
						CreatedOnToolsVersion = 6.3.1;
					};
					450E82A81AF9691900156010 = {
						CreatedOnToolsVersion = 6.3.1;
						TestTargetID = 450E828F1AF9691900156010;
					};
				};
			};
			buildConfigurationList = 450E828B1AF9691900156010 /* Build configuration list for PBXProject "sample-calendar" */;
			compatibilityVersion = "Xcode 3.2";
			developmentRegion = English;
			hasScannedForEncodings = 0;
			knownRegions = (
				en,
				Base,
			);
			mainGroup = 450E82871AF9691900156010;
			productRefGroup = 450E82911AF9691900156010 /* Products */;
			projectDirPath = "";
			projectRoot = "";
			targets = (
				450E828F1AF9691900156010 /* sample-calendar */,
				450E82A81AF9691900156010 /* sample-calendarTests */,
			);
		};
/* End PBXProject section */

/* Begin PBXResourcesBuildPhase section */
		450E828E1AF9691900156010 /* Resources */ = {
			isa = PBXResourcesBuildPhase;
			buildActionMask = 2147483647;
			files = (
				450E82A41AF9691900156010 /* LaunchScreen.xib in Resources */,
				450E82A11AF9691900156010 /* Images.xcassets in Resources */,
			);
			runOnlyForDeploymentPostprocessing = 0;
		};
		450E82A71AF9691900156010 /* Resources */ = {
			isa = PBXResourcesBuildPhase;
			buildActionMask = 2147483647;
			files = (
			);
			runOnlyForDeploymentPostprocessing = 0;
		};
/* End PBXResourcesBuildPhase section */

/* Begin PBXSourcesBuildPhase section */
		450E828C1AF9691900156010 /* Sources */ = {
			isa = PBXSourcesBuildPhase;
			buildActionMask = 2147483647;
			files = (
				450E82D61AF9AF0300156010 /* CalendarViewLayout.m in Sources */,
				450E82D81AF9AF0300156010 /* HourReusableView.m in Sources */,
				450E82991AF9691900156010 /* AppDelegate.m in Sources */,
				450E82C61AF9966B00156010 /* CalendarController.m in Sources */,
				450E82961AF9691900156010 /* main.m in Sources */,
				450E82D51AF9AF0300156010 /* CalendarViewController.m in Sources */,
				450E82D71AF9AF0300156010 /* EventViewCell.m in Sources */,
				450E82C91AF996DD00156010 /* Event.m in Sources */,
			);
			runOnlyForDeploymentPostprocessing = 0;
		};
		450E82A51AF9691900156010 /* Sources */ = {
			isa = PBXSourcesBuildPhase;
			buildActionMask = 2147483647;
			files = (
				450E82B01AF9691900156010 /* sample_calendarTests.m in Sources */,
			);
			runOnlyForDeploymentPostprocessing = 0;
		};
/* End PBXSourcesBuildPhase section */

/* Begin PBXTargetDependency section */
		450E82AB1AF9691900156010 /* PBXTargetDependency */ = {
			isa = PBXTargetDependency;
			target = 450E828F1AF9691900156010 /* sample-calendar */;
			targetProxy = 450E82AA1AF9691900156010 /* PBXContainerItemProxy */;
		};
/* End PBXTargetDependency section */

/* Begin PBXVariantGroup section */
		450E82A21AF9691900156010 /* LaunchScreen.xib */ = {
			isa = PBXVariantGroup;
			children = (
				450E82A31AF9691900156010 /* Base */,
			);
			name = LaunchScreen.xib;
			sourceTree = "<group>";
		};
/* End PBXVariantGroup section */

/* Begin XCBuildConfiguration section */
		450E82B11AF9691900156010 /* Debug */ = {
			isa = XCBuildConfiguration;
			buildSettings = {
				ALWAYS_SEARCH_USER_PATHS = NO;
				CLANG_CXX_LANGUAGE_STANDARD = "gnu++0x";
				CLANG_CXX_LIBRARY = "libc++";
				CLANG_ENABLE_MODULES = YES;
				CLANG_ENABLE_OBJC_ARC = YES;
				CLANG_WARN_BOOL_CONVERSION = YES;
				CLANG_WARN_CONSTANT_CONVERSION = YES;
				CLANG_WARN_DIRECT_OBJC_ISA_USAGE = YES_ERROR;
				CLANG_WARN_EMPTY_BODY = YES;
				CLANG_WARN_ENUM_CONVERSION = YES;
				CLANG_WARN_INT_CONVERSION = YES;
				CLANG_WARN_OBJC_ROOT_CLASS = YES_ERROR;
				CLANG_WARN_UNREACHABLE_CODE = YES;
				CLANG_WARN__DUPLICATE_METHOD_MATCH = YES;
				"CODE_SIGN_IDENTITY[sdk=iphoneos*]" = "iPhone Developer";
				COPY_PHASE_STRIP = NO;
				DEBUG_INFORMATION_FORMAT = "dwarf-with-dsym";
				ENABLE_STRICT_OBJC_MSGSEND = YES;
				GCC_C_LANGUAGE_STANDARD = gnu99;
				GCC_DYNAMIC_NO_PIC = NO;
				GCC_NO_COMMON_BLOCKS = YES;
				GCC_OPTIMIZATION_LEVEL = 0;
				GCC_PREPROCESSOR_DEFINITIONS = (
					"DEBUG=1",
					"$(inherited)",
				);
				GCC_SYMBOLS_PRIVATE_EXTERN = NO;
				GCC_WARN_64_TO_32_BIT_CONVERSION = YES;
				GCC_WARN_ABOUT_RETURN_TYPE = YES_ERROR;
				GCC_WARN_UNDECLARED_SELECTOR = YES;
				GCC_WARN_UNINITIALIZED_AUTOS = YES_AGGRESSIVE;
				GCC_WARN_UNUSED_FUNCTION = YES;
				GCC_WARN_UNUSED_VARIABLE = YES;
				IPHONEOS_DEPLOYMENT_TARGET = 8.3;
				MTL_ENABLE_DEBUG_INFO = YES;
				ONLY_ACTIVE_ARCH = YES;
				SDKROOT = iphoneos;
				TARGETED_DEVICE_FAMILY = "1,2";
			};
			name = Debug;
		};
		450E82B21AF9691900156010 /* Release */ = {
			isa = XCBuildConfiguration;
			buildSettings = {
				ALWAYS_SEARCH_USER_PATHS = NO;
				CLANG_CXX_LANGUAGE_STANDARD = "gnu++0x";
				CLANG_CXX_LIBRARY = "libc++";
				CLANG_ENABLE_MODULES = YES;
				CLANG_ENABLE_OBJC_ARC = YES;
				CLANG_WARN_BOOL_CONVERSION = YES;
				CLANG_WARN_CONSTANT_CONVERSION = YES;
				CLANG_WARN_DIRECT_OBJC_ISA_USAGE = YES_ERROR;
				CLANG_WARN_EMPTY_BODY = YES;
				CLANG_WARN_ENUM_CONVERSION = YES;
				CLANG_WARN_INT_CONVERSION = YES;
				CLANG_WARN_OBJC_ROOT_CLASS = YES_ERROR;
				CLANG_WARN_UNREACHABLE_CODE = YES;
				CLANG_WARN__DUPLICATE_METHOD_MATCH = YES;
				"CODE_SIGN_IDENTITY[sdk=iphoneos*]" = "iPhone Developer";
				COPY_PHASE_STRIP = NO;
				DEBUG_INFORMATION_FORMAT = "dwarf-with-dsym";
				ENABLE_NS_ASSERTIONS = NO;
				ENABLE_STRICT_OBJC_MSGSEND = YES;
				GCC_C_LANGUAGE_STANDARD = gnu99;
				GCC_NO_COMMON_BLOCKS = YES;
				GCC_WARN_64_TO_32_BIT_CONVERSION = YES;
				GCC_WARN_ABOUT_RETURN_TYPE = YES_ERROR;
				GCC_WARN_UNDECLARED_SELECTOR = YES;
				GCC_WARN_UNINITIALIZED_AUTOS = YES_AGGRESSIVE;
				GCC_WARN_UNUSED_FUNCTION = YES;
				GCC_WARN_UNUSED_VARIABLE = YES;
				IPHONEOS_DEPLOYMENT_TARGET = 8.3;
				MTL_ENABLE_DEBUG_INFO = NO;
				SDKROOT = iphoneos;
				TARGETED_DEVICE_FAMILY = "1,2";
				VALIDATE_PRODUCT = YES;
			};
			name = Release;
		};
		450E82B41AF9691900156010 /* Debug */ = {
			isa = XCBuildConfiguration;
			buildSettings = {
				ASSETCATALOG_COMPILER_APPICON_NAME = AppIcon;
				INFOPLIST_FILE = "sample-calendar/Info.plist";
				LD_RUNPATH_SEARCH_PATHS = "$(inherited) @executable_path/Frameworks";
				PRODUCT_NAME = "$(TARGET_NAME)";
			};
			name = Debug;
		};
		450E82B51AF9691900156010 /* Release */ = {
			isa = XCBuildConfiguration;
			buildSettings = {
				ASSETCATALOG_COMPILER_APPICON_NAME = AppIcon;
				INFOPLIST_FILE = "sample-calendar/Info.plist";
				LD_RUNPATH_SEARCH_PATHS = "$(inherited) @executable_path/Frameworks";
				PRODUCT_NAME = "$(TARGET_NAME)";
			};
			name = Release;
		};
		450E82B71AF9691900156010 /* Debug */ = {
			isa = XCBuildConfiguration;
			buildSettings = {
				BUNDLE_LOADER = "$(TEST_HOST)";
				FRAMEWORK_SEARCH_PATHS = (
					"$(SDKROOT)/Developer/Library/Frameworks",
					"$(inherited)",
				);
				GCC_PREPROCESSOR_DEFINITIONS = (
					"DEBUG=1",
					"$(inherited)",
				);
				INFOPLIST_FILE = "sample-calendarTests/Info.plist";
				LD_RUNPATH_SEARCH_PATHS = "$(inherited) @executable_path/Frameworks @loader_path/Frameworks";
				PRODUCT_NAME = "$(TARGET_NAME)";
				TEST_HOST = "$(BUILT_PRODUCTS_DIR)/sample-calendar.app/sample-calendar";
			};
			name = Debug;
		};
		450E82B81AF9691900156010 /* Release */ = {
			isa = XCBuildConfiguration;
			buildSettings = {
				BUNDLE_LOADER = "$(TEST_HOST)";
				FRAMEWORK_SEARCH_PATHS = (
					"$(SDKROOT)/Developer/Library/Frameworks",
					"$(inherited)",
				);
				INFOPLIST_FILE = "sample-calendarTests/Info.plist";
				LD_RUNPATH_SEARCH_PATHS = "$(inherited) @executable_path/Frameworks @loader_path/Frameworks";
				PRODUCT_NAME = "$(TARGET_NAME)";
				TEST_HOST = "$(BUILT_PRODUCTS_DIR)/sample-calendar.app/sample-calendar";
			};
			name = Release;
		};
/* End XCBuildConfiguration section */

/* Begin XCConfigurationList section */
		450E828B1AF9691900156010 /* Build configuration list for PBXProject "sample-calendar" */ = {
			isa = XCConfigurationList;
			buildConfigurations = (
				450E82B11AF9691900156010 /* Debug */,
				450E82B21AF9691900156010 /* Release */,
			);
			defaultConfigurationIsVisible = 0;
			defaultConfigurationName = Release;
		};
		450E82B31AF9691900156010 /* Build configuration list for PBXNativeTarget "sample-calendar" */ = {
			isa = XCConfigurationList;
			buildConfigurations = (
				450E82B41AF9691900156010 /* Debug */,
				450E82B51AF9691900156010 /* Release */,
			);
			defaultConfigurationIsVisible = 0;
			defaultConfigurationName = Release;
		};
		450E82B61AF9691900156010 /* Build configuration list for PBXNativeTarget "sample-calendarTests" */ = {
			isa = XCConfigurationList;
			buildConfigurations = (
				450E82B71AF9691900156010 /* Debug */,
				450E82B81AF9691900156010 /* Release */,
			);
			defaultConfigurationIsVisible = 0;
			defaultConfigurationName = Release;
		};
/* End XCConfigurationList section */
	};
	rootObject = 450E82881AF9691900156010 /* Project object */;
}
